schema_version: 1
protocol_version: 1
python: "3.12"
ocr:
  device: cpu
  loader: paddle-static-inference
  verification: local_files_and_release_metadata_verified
  packages:
    paddleocr:
      version: 3.4.0
      wheel: paddleocr-3.4.0-py3-none-any.whl
      wheel_sha256: 67b28a98c8ce58668473702fa22a6053d959df1105ec430a578280356b889ba1
      source: https://pypi.org/project/paddleocr/3.4.0/
    paddlepaddle:
      version: 3.2.2
      wheel: paddlepaddle-3.2.2-cp312-cp312-win_amd64.whl
      wheel_sha256: 883954ea41fb1cccd022ac351f164b7a9f5cbc94be24223ce8bd981ddee93eb3
      source: https://pypi.org/project/paddlepaddle/3.2.2/
    paddlex:
      version: 3.4.3
      wheel: paddlex-3.4.3-py3-none-any.whl
      wheel_sha256: 78aa8313e672ecbf27473b7afe7188b68716517b1b522060985d6d7dab1ed17c
      source: https://pypi.org/project/paddlex/3.4.3/
  models:
    det:
      id: PP-OCRv5_server_det
      directory: .local/models/vision/ocr/PP-OCRv5_server_det
      revision: bos-paddle3.0.0-22a33e0ba6a2
      archive_source: https://paddle-model-ecology.bj.bcebos.com/paddlex/official_inference_model/paddle3.0.0/PP-OCRv5_server_det_infer.tar
      archive_sha256: 22a33e0ba6a21425ea4192da03bf4395c9a0c67902bd924b7328fc859073045d
      license_id: Apache-2.0
      license_status: verified
      license_evidence_sha256: 3840c5c0c61c294264d2dd77b8777be6ddd90121ef4e0e64abcd22edea581d6e
      source: https://github.com/PaddlePaddle/PaddleOCR/tree/v3.4.0
      files:
        inference.json: af5876933d8806a1b50d895867e0781e135cd92ff37381992828fc8d1b842d28
        inference.pdiparams: 183146fe9d9910352f68482f623bcbbb9fa7b9e8fa1463b9ad288cef00524d2d
        inference.yml: 28fb721efc3634fc8aa677e474b9602cb815a91cf569ef357a7a553d7b3ce685
    rec:
      id: PP-OCRv5_server_rec
      directory: .local/models/vision/ocr/PP-OCRv5_server_rec
      revision: bos-paddle3.0.0-d99be2ffd348
      archive_source: https://paddle-model-ecology.bj.bcebos.com/paddlex/official_inference_model/paddle3.0.0/PP-OCRv5_server_rec_infer.tar
      archive_sha256: d99be2ffd348943ab52876179168be4fb5b14f5f0812f2ae4c76d89ec2ea750a
      license_id: Apache-2.0
      license_status: verified
      license_evidence_sha256: 3840c5c0c61c294264d2dd77b8777be6ddd90121ef4e0e64abcd22edea581d6e
      source: https://github.com/PaddlePaddle/PaddleOCR/tree/v3.4.0
      files:
        inference.json: 8e6e12e5d42531840310977fffb58165bf889fc5061408c5a8afdb6985f47fcb
        inference.pdiparams: 63853f062a5f4089befc16f565a68277618e0da5cb45468b49d11079de0ada77
        inference.yml: 2c719dba044c4e2228aef8ff92f5f575394d75d24c16de096a33b7cfd902f66d
  # T022 model lock. The operator must place this exact file locally before
  # the service can become ready. Runtime never downloads or falls back.
segmentation:
  device: cuda
  loader: transformers-sam2-safetensors
  local_files_only: true
  trust_remote_code: false
  allowed_unused_keys: []
  verification: pending_platform_verification
  source_evidence: configs/runtime/vision-sam2-source-evidence.yaml
  packages:
    httpx:
      version: 0.28.1
      wheel: httpx-0.28.1-py3-none-any.whl
      wheel_sha256: d909fcccc110f8c7faf814ca82a9a4d816bc5a6dbfea25d6591d6985b8ba59ad
      source: https://pypi.org/project/httpx/0.28.1/
    transformers:
      version: 4.57.6
      wheel: transformers-4.57.6-py3-none-any.whl
      wheel_sha256: 4c9e9de11333ddfe5114bc872c9f370509198acf0b87a832a0ab9458e2bd0550
      source: https://pypi.org/project/transformers/4.57.6/
    torch:
      version: 2.9.1
      wheel: torch-2.9.1-cp312-cp312-manylinux_2_28_x86_64.whl
      wheel_sha256: 7417d8c565f219d3455654cb431c6d892a3eb40246055e14d645422de13b9ea1
      source: https://pytorch.org/get-started/previous-versions/
    torchvision:
      version: 0.24.1
      wheel: torchvision-0.24.1-cp312-cp312-manylinux_2_28_x86_64.whl
      wheel_sha256: 66a98471fc18cad9064123106d810a75f57f0838eee20edc56233fd8484b0cc7
      source: https://pytorch.org/get-started/previous-versions/
  model:
    id: sam2.1-hiera-large
    repo: facebook/sam2.1-hiera-large
    revision: 665f8e2ad61cf5f53d65644ff27c8ee525124610
    directory: .local/models/vision/sam2.1-hiera-large
    format: safetensors
    files:
      model.safetensors:
        sha256: dc407dce21301fd94abb395c5099b4f2c455fdc8a8f261ac3d0ea6d4cd197230
        format: safetensors
      config.json:
        sha256: 00446988cf4d617118d2d347eabe2c46aebed744628facdd540508be30b69ec3
        format: json
      preprocessor_config.json:
        sha256: 6ebf229ee259368ce4a8d4f2fe893a72b053023710853e257253939e601f583d
        format: json
      processor_config.json:
        sha256: f8a68e865cfad115c1c2763f3d93eca7b1c622da06da2a9273eb437fb2389b6d
        format: json
    required_processor_files:
      - config.json
      - preprocessor_config.json
      - processor_config.json
    preprocessing:
      processor: Sam2Processor
      image_processor: Sam2ImageProcessorFast
      size: {height: 1024, width: 1024}
      default_to_square: true
      do_pad: null
      target_size: 1024
      source: https://huggingface.co/docs/transformers/v4.57.6/en/model_doc/sam2
      mapping: anisotropic_square_resize
      verification: verified
    license:
      id: Apache-2.0
      status: verified
      source: https://huggingface.co/facebook/sam2.1-hiera-large/blob/665f8e2ad61cf5f53d65644ff27c8ee525124610/README.md
      evidence_sha256: d6f74ced558e110bf542a915cac9728c6e5a7144b738f10bef5090d1cdb2db5d
